
Microsoft Visual Studio Solution File, Format Version 12.00
# Visual Studio Version 16
VisualStudioVersion = 16.0.30011.22
MinimumVisualStudioVersion = 10.0.40219.1
Project("{FAE04EC0-301F-11D3-BF4B-00C04F79EFBC}") = "Piłkarze", "Piłkarze\Piłkarze.csproj", "{81F90C97-CEB2-4C7A-AA5D-CA762B834342}"
EndProject
Global
	GlobalSection(SolutionConfigurationPlatforms) = preSolution
		Debug|Any CPU = Debug|Any CPU
		Release|Any CPU = Release|Any CPU
	EndGlobalSection
	GlobalSection(ProjectConfigurationPlatforms) = postSolution
		{81F90C97-CEB2-4C7A-AA5D-CA762B834342}.Debug|Any CPU.ActiveCfg = Debug|Any CPU
		{81F90C97-CEB2-4C7A-AA5D-CA762B834342}.Debug|Any CPU.Build.0 = Debug|Any CPU
		{81F90C97-CEB2-4C7A-AA5D-CA762B834342}.Release|Any CPU.ActiveCfg = Release|Any CPU
		{81F90C97-CEB2-4C7A-AA5D-CA762B834342}.Release|Any CPU.Build.0 = Release|Any CPU
	EndGlobalSection
	GlobalSection(SolutionProperties) = preSolution
		HideSolutionNode = FALSE
	EndGlobalSection
	GlobalSection(ExtensibilityGlobals) = postSolution
		SolutionGuid = {E056BB02-85E3-42DC-8666-9F3264E8CDDF}
	EndGlobalSection
EndGlobal
